
Microsoft Visual Studio Solution File, Format Version 12.00
# Visual Studio Version 17
VisualStudioVersion = 17.14.36301.6
MinimumVisualStudioVersion = 10.0.40219.1
Project("{FAE04EC0-301F-11D3-BF4B-00C04F79EFBC}") = "CleanCode.Api", "CleanCode.Api\CleanCode.Api.csproj", "{9DF06F3A-7960-47BC-A02D-DDD0C57112AA}"
EndProject
Project("{FAE04EC0-301F-11D3-BF4B-00C04F79EFBC}") = "CleanCode.Core", "CleanCode.Core\CleanCode.Core.csproj", "{6B69FA50-73F5-412F-A98E-97799966783A}"
EndProject
Project("{FAE04EC0-301F-11D3-BF4B-00C04F79EFBC}") = "CleanCode.Infrastructure", "CleanCode.Infrastructure\CleanCode.Infrastructure.csproj", "{CEDBDFBC-DBEA-40D8-B9D2-07280115AD1A}"
EndProject
Global
	GlobalSection(SolutionConfigurationPlatforms) = preSolution
		Debug|Any CPU = Debug|Any CPU
		Release|Any CPU = Release|Any CPU
	EndGlobalSection
	GlobalSection(ProjectConfigurationPlatforms) = postSolution
		{9DF06F3A-7960-47BC-A02D-DDD0C57112AA}.Debug|Any CPU.ActiveCfg = Debug|Any CPU
		{9DF06F3A-7960-47BC-A02D-DDD0C57112AA}.Debug|Any CPU.Build.0 = Debug|Any CPU
		{9DF06F3A-7960-47BC-A02D-DDD0C57112AA}.Release|Any CPU.ActiveCfg = Release|Any CPU
		{9DF06F3A-7960-47BC-A02D-DDD0C57112AA}.Release|Any CPU.Build.0 = Release|Any CPU
		{6B69FA50-73F5-412F-A98E-97799966783A}.Debug|Any CPU.ActiveCfg = Debug|Any CPU
		{6B69FA50-73F5-412F-A98E-97799966783A}.Debug|Any CPU.Build.0 = Debug|Any CPU
		{6B69FA50-73F5-412F-A98E-97799966783A}.Release|Any CPU.ActiveCfg = Release|Any CPU
		{6B69FA50-73F5-412F-A98E-97799966783A}.Release|Any CPU.Build.0 = Release|Any CPU
		{CEDBDFBC-DBEA-40D8-B9D2-07280115AD1A}.Debug|Any CPU.ActiveCfg = Debug|Any CPU
		{CEDBDFBC-DBEA-40D8-B9D2-07280115AD1A}.Debug|Any CPU.Build.0 = Debug|Any CPU
		{CEDBDFBC-DBEA-40D8-B9D2-07280115AD1A}.Release|Any CPU.ActiveCfg = Release|Any CPU
		{CEDBDFBC-DBEA-40D8-B9D2-07280115AD1A}.Release|Any CPU.Build.0 = Release|Any CPU
	EndGlobalSection
	GlobalSection(SolutionProperties) = preSolution
		HideSolutionNode = FALSE
	EndGlobalSection
	GlobalSection(ExtensibilityGlobals) = postSolution
		SolutionGuid = {D982D3A6-D420-4ECF-916B-6ED440BC5A01}
	EndGlobalSection
EndGlobal
